// !$*UTF8*$!
{
	archiveVersion = 1;
	classes = {
	};
	objectVersion = 56;
	objects = {

/* Begin PBXBuildFile section */
		1A000001292A5F8B00123456 /* PianoNoteDetectorApp.swift in Sources */ = {isa = PBXBuildFile; fileRef = 1A000000292A5F8B00123456 /* PianoNoteDetectorApp.swift */; };
		1A000003292A5F8B00123456 /* ContentView.swift in Sources */ = {isa = PBXBuildFile; fileRef = 1A000002292A5F8B00123456 /* ContentView.swift */; };
		1A000005292A5F8C00123456 /* Assets.xcassets in Resources */ = {isa = PBXBuildFile; fileRef = 1A000004292A5F8C00123456 /* Assets.xcassets */; };
		1A000008292A5F8C00123456 /* Preview Assets.xcassets in Resources */ = {isa = PBXBuildFile; fileRef = 1A000007292A5F8C00123456 /* Preview Assets.xcassets */; };
		1A000010292A5F9B00123456 /* AudioCaptureManager.swift in Sources */ = {isa = PBXBuildFile; fileRef = 1A00000F292A5F9B00123456 /* AudioCaptureManager.swift */; };
		1A000012292A5FA600123456 /* AudioProcessor.swift in Sources */ = {isa = PBXBuildFile; fileRef = 1A000011292A5FA600123456 /* AudioProcessor.swift */; };
		1A000014292A5FB100123456 /* NoteDetector.swift in Sources */ = {isa = PBXBuildFile; fileRef = 1A000013292A5FB100123456 /* NoteDetector.swift */; };
		1A000016292A5FC100123456 /* ScreenCaptureKit.framework in Frameworks */ = {isa = PBXBuildFile; fileRef = 1A000015292A5FC100123456 /* ScreenCaptureKit.framework */; };
		1A000018292A5FCC00123456 /* AVFoundation.framework in Frameworks */ = {isa = PBXBuildFile; fileRef = 1A000017292A5FCC00123456 /* AVFoundation.framework */; };
		1A00001A292A5FD700123456 /* Accelerate.framework in Frameworks */ = {isa = PBXBuildFile; fileRef = 1A000019292A5FD700123456 /* Accelerate.framework */; };
/* End PBXBuildFile section */

/* Begin PBXFileReference section */
		1A000000292A5F8B00123456 /* PianoNoteDetectorApp.swift */ = {isa = PBXFileReference; lastKnownFileType = sourcecode.swift; path = PianoNoteDetectorApp.swift; sourceTree = "<group>"; };
		1A000002292A5F8B00123456 /* ContentView.swift */ = {isa = PBXFileReference; lastKnownFileType = sourcecode.swift; path = ContentView.swift; sourceTree = "<group>"; };
		1A000004292A5F8C00123456 /* Assets.xcassets */ = {isa = PBXFileReference; lastKnownFileType = folder.assetcatalog; path = Assets.xcassets; sourceTree = "<group>"; };
		1A000007292A5F8C00123456 /* Preview Assets.xcassets */ = {isa = PBXFileReference; lastKnownFileType = folder.assetcatalog; path = "Preview Assets.xcassets"; sourceTree = "<group>"; };
		1A000009292A5F8C00123456 /* PianoNoteDetector.entitlements */ = {isa = PBXFileReference; lastKnownFileType = text.plist.entitlements; path = PianoNoteDetector.entitlements; sourceTree = "<group>"; };
		1A00000F292A5F9B00123456 /* AudioCaptureManager.swift */ = {isa = PBXFileReference; lastKnownFileType = sourcecode.swift; path = AudioCaptureManager.swift; sourceTree = "<group>"; };
		1A000011292A5FA600123456 /* AudioProcessor.swift */ = {isa = PBXFileReference; lastKnownFileType = sourcecode.swift; path = AudioProcessor.swift; sourceTree = "<group>"; };
		1A000013292A5FB100123456 /* NoteDetector.swift */ = {isa = PBXFileReference; lastKnownFileType = sourcecode.swift; path = NoteDetector.swift; sourceTree = "<group>"; };
		1A000015292A5FC100123456 /* ScreenCaptureKit.framework */ = {isa = PBXFileReference; lastKnownFileType = wrapper.framework; name = ScreenCaptureKit.framework; path = System/Library/Frameworks/ScreenCaptureKit.framework; sourceTree = SDKROOT; };
		1A000017292A5FCC00123456 /* AVFoundation.framework */ = {isa = PBXFileReference; lastKnownFileType = wrapper.framework; name = AVFoundation.framework; path = System/Library/Frameworks/AVFoundation.framework; sourceTree = SDKROOT; };
		1A000019292A5FD700123456 /* Accelerate.framework */ = {isa = PBXFileReference; lastKnownFileType = wrapper.framework; name = Accelerate.framework; path = System/Library/Frameworks/Accelerate.framework; sourceTree = SDKROOT; };
		1A0000FD292A5F8B00123456 /* PianoNoteDetector.app */ = {isa = PBXFileReference; explicitFileType = wrapper.application; includeInIndex = 0; path = PianoNoteDetector.app; sourceTree = BUILT_PRODUCTS_DIR; };
/* End PBXFileReference section */

/* Begin PBXFrameworksBuildPhase section */
		1A0000FA292A5F8B00123456 /* Frameworks */ = {
			isa = PBXFrameworksBuildPhase;
			buildActionMask = 2147483647;
			files = (
				1A000016292A5FC100123456 /* ScreenCaptureKit.framework in Frameworks */,
				1A000018292A5FCC00123456 /* AVFoundation.framework in Frameworks */,
				1A00001A292A5FD700123456 /* Accelerate.framework in Frameworks */,
			);
			runOnlyForDeploymentPostprocessing = 0;
		};
/* End PBXFrameworksBuildPhase section */

/* Begin PBXGroup section */
		1A000006292A5F8C00123456 /* Preview Content */ = {
			isa = PBXGroup;
			children = (
				1A000007292A5F8C00123456 /* Preview Assets.xcassets */,
			);
			path = "Preview Content";
			sourceTree = "<group>";
		};
		1A00000E292A5F9400123456 /* Audio */ = {
			isa = PBXGroup;
			children = (
				1A00000F292A5F9B00123456 /* AudioCaptureManager.swift */,
				1A000011292A5FA600123456 /* AudioProcessor.swift */,
			);
			path = Audio;
			sourceTree = "<group>";
		};
		1A00001B292A5FE200123456 /* Frameworks */ = {
			isa = PBXGroup;
			children = (
				1A000015292A5FC100123456 /* ScreenCaptureKit.framework */,
				1A000017292A5FCC00123456 /* AVFoundation.framework */,
				1A000019292A5FD700123456 /* Accelerate.framework */,
			);
			name = Frameworks;
			sourceTree = "<group>";
		};
		1A0000F4292A5F8B00123456 = {
			isa = PBXGroup;
			children = (
				1A0000FF292A5F8B00123456 /* PianoNoteDetector */,
				1A0000FE292A5F8B00123456 /* Products */,
				1A00001B292A5FE200123456 /* Frameworks */,
			);
			sourceTree = "<group>";
		};
		1A0000FE292A5F8B00123456 /* Products */ = {
			isa = PBXGroup;
			children = (
				1A0000FD292A5F8B00123456 /* PianoNoteDetector.app */,
			);
			name = Products;
			sourceTree = "<group>";
		};
		1A0000FF292A5F8B00123456 /* PianoNoteDetector */ = {
			isa = PBXGroup;
			children = (
				1A00000E292A5F9400123456 /* Audio */,
				1A000000292A5F8B00123456 /* PianoNoteDetectorApp.swift */,
				1A000002292A5F8B00123456 /* ContentView.swift */,
				1A000013292A5FB100123456 /* NoteDetector.swift */,
				1A000004292A5F8C00123456 /* Assets.xcassets */,
				1A000009292A5F8C00123456 /* PianoNoteDetector.entitlements */,
				1A000006292A5F8C00123456 /* Preview Content */,
			);
			path = PianoNoteDetector;
			sourceTree = "<group>";
		};
/* End PBXGroup section */

/* Begin PBXNativeTarget section */
		1A0000FC292A5F8B00123456 /* PianoNoteDetector */ = {
			isa = PBXNativeTarget;
			buildConfigurationList = 1A00000C292A5F8C00123456 /* Build configuration list for PBXNativeTarget "PianoNoteDetector" */;
			buildPhases = (
				1A0000F9292A5F8B00123456 /* Sources */,
				1A0000FA292A5F8B00123456 /* Frameworks */,
				1A0000FB292A5F8B00123456 /* Resources */,
			);
			buildRules = (
			);
			dependencies = (
			);
			name = PianoNoteDetector;
			productName = PianoNoteDetector;
			productReference = 1A0000FD292A5F8B00123456 /* PianoNoteDetector.app */;
			productType = "com.apple.product-type.application";
		};
/* End PBXNativeTarget section */

/* Begin PBXProject section */
		1A0000F5292A5F8B00123456 /* Project object */ = {
			isa = PBXProject;
			attributes = {
				BuildIndependentTargetsInParallel = 1;
				LastSwiftUpdateCheck = 1500;
				LastUpgradeCheck = 1500;
				TargetAttributes = {
					1A0000FC292A5F8B00123456 = {
						CreatedOnToolsVersion = 15.0;
					};
				};
			};
			buildConfigurationList = 1A0000F8292A5F8B00123456 /* Build configuration list for PBXProject "PianoNoteDetector" */;
			compatibilityVersion = "Xcode 14.0";
			developmentRegion = en;
			hasScannedForEncodings = 0;
			knownRegions = (
				en,
				Base,
			);
			mainGroup = 1A0000F4292A5F8B00123456;
			productRefGroup = 1A0000FE292A5F8B00123456 /* Products */;
			projectDirPath = "";
			projectRoot = "";
			targets = (
				1A0000FC292A5F8B00123456 /* PianoNoteDetector */,
			);
		};
/* End PBXProject section */

/* Begin PBXResourcesBuildPhase section */
		1A0000FB292A5F8B00123456 /* Resources */ = {
			isa = PBXResourcesBuildPhase;
			buildActionMask = 2147483647;
			files = (
				1A000008292A5F8C00123456 /* Preview Assets.xcassets in Resources */,
				1A000005292A5F8C00123456 /* Assets.xcassets in Resources */,
			);
			runOnlyForDeploymentPostprocessing = 0;
		};
/* End PBXResourcesBuildPhase section */

/* Begin PBXSourcesBuildPhase section */
		1A0000F9292A5F8B00123456 /* Sources */ = {
			isa = PBXSourcesBuildPhase;
			buildActionMask = 2147483647;
			files = (
				1A000012292A5FA600123456 /* AudioProcessor.swift in Sources */,
				1A000014292A5FB100123456 /* NoteDetector.swift in Sources */,
				1A000003292A5F8B00123456 /* ContentView.swift in Sources */,
				1A000010292A5F9B00123456 /* AudioCaptureManager.swift in Sources */,
				1A000001292A5F8B00123456 /* PianoNoteDetectorApp.swift in Sources */,
			);
			runOnlyForDeploymentPostprocessing = 0;
		};
/* End PBXSourcesBuildPhase section */

/* Begin XCBuildConfiguration section */
		1A00000A292A5F8C00123456 /* Debug */ = {
			isa = XCBuildConfiguration;
			buildSettings = {
				ALWAYS_SEARCH_USER_PATHS = NO;
				ASSETCATALOG_COMPILER_GENERATE_SWIFT_ASSET_SYMBOL_EXTENSIONS = YES;
				CLANG_ANALYZER_NONNULL = YES;
				CLANG_ANALYZER_NUMBER_OBJECT_CONVERSION = YES_AGGRESSIVE;
				CLANG_CXX_LANGUAGE_STANDARD = "gnu++20";
				CLANG_ENABLE_MODULES = YES;
				CLANG_ENABLE_OBJC_ARC = YES;
				CLANG_ENABLE_OBJC_WEAK = YES;
				CLANG_WARN_BLOCK_CAPTURE_AUTORELEASING = YES;
				CLANG_WARN_BOOL_CONVERSION = YES;
				CLANG_WARN_COMMA = YES;
				CLANG_WARN_CONSTANT_CONVERSION = YES;
				CLANG_WARN_DEPRECATED_OBJC_IMPLEMENTATIONS = YES;
				CLANG_WARN_DIRECT_OBJC_ISA_USAGE = YES_ERROR;
				CLANG_WARN_DOCUMENTATION_COMMENTS = YES;
				CLANG_WARN_EMPTY_BODY = YES;
				CLANG_WARN_ENUM_CONVERSION = YES;
				CLANG_WARN_INFINITE_RECURSION = YES;
				CLANG_WARN_INT_CONVERSION = YES;
				CLANG_WARN_NON_LITERAL_NULL_CONVERSION = YES;
				CLANG_WARN_OBJC_IMPLICIT_RETAIN_SELF = YES;
				CLANG_WARN_OBJC_LITERAL_CONVERSION = YES;
				CLANG_WARN_OBJC_ROOT_CLASS = YES_ERROR;
				CLANG_WARN_QUOTED_INCLUDE_IN_FRAMEWORK_HEADER = YES;
				CLANG_WARN_RANGE_LOOP_ANALYSIS = YES;
				CLANG_WARN_STRICT_PROTOTYPES = YES;
				CLANG_WARN_SUSPICIOUS_MOVE = YES;
				CLANG_WARN_UNGUARDED_AVAILABILITY = YES_AGGRESSIVE;
				CLANG_WARN_UNREACHABLE_CODE = YES;
				CLANG_WARN__DUPLICATE_METHOD_MATCH = YES;
				COPY_PHASE_STRIP = NO;
				DEBUG_INFORMATION_FORMAT = dwarf;
				ENABLE_STRICT_OBJC_MSGSEND = YES;
				ENABLE_TESTABILITY = YES;
				ENABLE_USER_SCRIPT_SANDBOXING = YES;
				GCC_C_LANGUAGE_STANDARD = gnu17;
				GCC_DYNAMIC_NO_PIC = NO;
				GCC_NO_COMMON_BLOCKS = YES;
				GCC_OPTIMIZATION_LEVEL = 0;
				GCC_PREPROCESSOR_DEFINITIONS = (
					"DEBUG=1",
					"$(inherited)",
				);
				GCC_WARN_64_TO_32_BIT_CONVERSION = YES;
				GCC_WARN_ABOUT_RETURN_TYPE = YES_ERROR;
				GCC_WARN_UNDECLARED_SELECTOR = YES;
				GCC_WARN_UNINITIALIZED_AUTOS = YES_AGGRESSIVE;
				GCC_WARN_UNUSED_FUNCTION = YES;
				GCC_WARN_UNUSED_VARIABLE = YES;
				LOCALIZATION_PREFERS_STRING_CATALOGS = YES;
				MACOSX_DEPLOYMENT_TARGET = 13.0;
				MTL_ENABLE_DEBUG_INFO = INCLUDE_SOURCE;
				MTL_FAST_MATH = YES;
				ONLY_ACTIVE_ARCH = YES;
				SDKROOT = macosx;
				SWIFT_ACTIVE_COMPILATION_CONDITIONS = "DEBUG $(inherited)";
				SWIFT_OPTIMIZATION_LEVEL = "-Onone";
			};
			name = Debug;
		};
		1A00000B292A5F8C00123456 /* Release */ = {
			isa = XCBuildConfiguration;
			buildSettings = {
				ALWAYS_SEARCH_USER_PATHS = NO;
				ASSETCATALOG_COMPILER_GENERATE_SWIFT_ASSET_SYMBOL_EXTENSIONS = YES;
				CLANG_ANALYZER_NONNULL = YES;
				CLANG_ANALYZER_NUMBER_OBJECT_CONVERSION = YES_AGGRESSIVE;
				CLANG_CXX_LANGUAGE_STANDARD = "gnu++20";
				CLANG_ENABLE_MODULES = YES;
				CLANG_ENABLE_OBJC_ARC = YES;
				CLANG_ENABLE_OBJC_WEAK = YES;
				CLANG_WARN_BLOCK_CAPTURE_AUTORELEASING = YES;
				CLANG_WARN_BOOL_CONVERSION = YES;
				CLANG_WARN_COMMA = YES;
				CLANG_WARN_CONSTANT_CONVERSION = YES;
				CLANG_WARN_DEPRECATED_OBJC_IMPLEMENTATIONS = YES;
				CLANG_WARN_DIRECT_OBJC_ISA_USAGE = YES_ERROR;
				CLANG_WARN_DOCUMENTATION_COMMENTS = YES;
				CLANG_WARN_EMPTY_BODY = YES;
				CLANG_WARN_ENUM_CONVERSION = YES;
				CLANG_WARN_INFINITE_RECURSION = YES;
				CLANG_WARN_INT_CONVERSION = YES;
				CLANG_WARN_NON_LITERAL_NULL_CONVERSION = YES;
				CLANG_WARN_OBJC_IMPLICIT_RETAIN_SELF = YES;
				CLANG_WARN_OBJC_LITERAL_CONVERSION = YES;
				CLANG_WARN_OBJC_ROOT_CLASS = YES_ERROR;
				CLANG_WARN_QUOTED_INCLUDE_IN_FRAMEWORK_HEADER = YES;
				CLANG_WARN_RANGE_LOOP_ANALYSIS = YES;
				CLANG_WARN_STRICT_PROTOTYPES = YES;
				CLANG_WARN_SUSPICIOUS_MOVE = YES;
				CLANG_WARN_UNGUARDED_AVAILABILITY = YES_AGGRESSIVE;
				CLANG_WARN_UNREACHABLE_CODE = YES;
				CLANG_WARN__DUPLICATE_METHOD_MATCH = YES;
				COPY_PHASE_STRIP = NO;
				DEBUG_INFORMATION_FORMAT = "dwarf-with-dsym";
				ENABLE_NS_ASSERTIONS = NO;
				ENABLE_STRICT_OBJC_MSGSEND = YES;
				ENABLE_USER_SCRIPT_SANDBOXING = YES;
				GCC_C_LANGUAGE_STANDARD = gnu17;
				GCC_NO_COMMON_BLOCKS = YES;
				GCC_WARN_64_TO_32_BIT_CONVERSION = YES;
				GCC_WARN_ABOUT_RETURN_TYPE = YES_ERROR;
				GCC_WARN_UNDECLARED_SELECTOR = YES;
				GCC_WARN_UNINITIALIZED_AUTOS = YES_AGGRESSIVE;
				GCC_WARN_UNUSED_FUNCTION = YES;
				GCC_WARN_UNUSED_VARIABLE = YES;
				LOCALIZATION_PREFERS_STRING_CATALOGS = YES;
				MACOSX_DEPLOYMENT_TARGET = 13.0;
				MTL_ENABLE_DEBUG_INFO = NO;
				MTL_FAST_MATH = YES;
				SDKROOT = macosx;
				SWIFT_COMPILATION_MODE = wholemodule;
				SWIFT_OPTIMIZATION_LEVEL = "-O";
				SWIFT_PRECOMPILE_BRIDGING_HEADER = NO;
			};
			name = Release;
		};
		1A00000D292A5F8C00123456 /* Debug */ = {
			isa = XCBuildConfiguration;
			buildSettings = {
				ASSETCATALOG_COMPILER_APPICON_NAME = AppIcon;
				ASSETCATALOG_COMPILER_GLOBAL_ACCENT_COLOR_NAME = AccentColor;
				CODE_SIGN_ENTITLEMENTS = PianoNoteDetector/PianoNoteDetector.entitlements;
				CODE_SIGN_IDENTITY = "Apple Development";
				CODE_SIGN_STYLE = Automatic;
				COMBINE_HIDPI_IMAGES = YES;
				CURRENT_PROJECT_VERSION = 1;
				DEVELOPMENT_ASSET_PATHS = "\"PianoNoteDetector/Preview Content\"";
				DEVELOPMENT_TEAM = CH2NW256H4;
				ENABLE_PREVIEWS = YES;
				GENERATE_INFOPLIST_FILE = YES;
				INFOPLIST_KEY_CFBundleDisplayName = "Piano Note Detector";
				INFOPLIST_KEY_LSApplicationCategoryType = "public.app-category.music";
				INFOPLIST_KEY_NSAudioCaptureUsageDescription = "This app needs to capture system audio to detect and display musical notes in real-time.";
				INFOPLIST_KEY_NSHumanReadableCopyright = "";
				LD_RUNPATH_SEARCH_PATHS = (
					"$(inherited)",
					"@executable_path/../Frameworks",
				);
				MACOSX_DEPLOYMENT_TARGET = 15.0;
				MARKETING_VERSION = 1.0;
				PRODUCT_BUNDLE_IDENTIFIER = com.anicca.PianoNoteDetector;
				PRODUCT_NAME = "$(TARGET_NAME)";
				PROVISIONING_PROFILE_SPECIFIER = "";
				SWIFT_EMIT_LOC_STRINGS = YES;
				SWIFT_VERSION = 5.0;
			};
			name = Debug;
		};
		1A00000E292A5F8C00123456 /* Release */ = {
			isa = XCBuildConfiguration;
			buildSettings = {
				ASSETCATALOG_COMPILER_APPICON_NAME = AppIcon;
				ASSETCATALOG_COMPILER_GLOBAL_ACCENT_COLOR_NAME = AccentColor;
				CODE_SIGN_ENTITLEMENTS = PianoNoteDetector/PianoNoteDetector.entitlements;
				CODE_SIGN_IDENTITY = "Apple Development";
				CODE_SIGN_STYLE = Automatic;
				COMBINE_HIDPI_IMAGES = YES;
				CURRENT_PROJECT_VERSION = 1;
				DEVELOPMENT_ASSET_PATHS = "\"PianoNoteDetector/Preview Content\"";
				DEVELOPMENT_TEAM = CH2NW256H4;
				ENABLE_PREVIEWS = YES;
				GENERATE_INFOPLIST_FILE = YES;
				INFOPLIST_KEY_CFBundleDisplayName = "Piano Note Detector";
				INFOPLIST_KEY_LSApplicationCategoryType = "public.app-category.music";
				INFOPLIST_KEY_NSAudioCaptureUsageDescription = "This app needs to capture system audio to detect and display musical notes in real-time.";
				INFOPLIST_KEY_NSHumanReadableCopyright = "";
				LD_RUNPATH_SEARCH_PATHS = (
					"$(inherited)",
					"@executable_path/../Frameworks",
				);
				MACOSX_DEPLOYMENT_TARGET = 15.0;
				MARKETING_VERSION = 1.0;
				PRODUCT_BUNDLE_IDENTIFIER = com.anicca.PianoNoteDetector;
				PRODUCT_NAME = "$(TARGET_NAME)";
				PROVISIONING_PROFILE_SPECIFIER = "";
				SWIFT_EMIT_LOC_STRINGS = YES;
				SWIFT_VERSION = 5.0;
			};
			name = Release;
		};
/* End XCBuildConfiguration section */

/* Begin XCConfigurationList section */
		1A00000C292A5F8C00123456 /* Build configuration list for PBXNativeTarget "PianoNoteDetector" */ = {
			isa = XCConfigurationList;
			buildConfigurations = (
				1A00000D292A5F8C00123456 /* Debug */,
				1A00000E292A5F8C00123456 /* Release */,
			);
			defaultConfigurationIsVisible = 0;
			defaultConfigurationName = Release;
		};
		1A0000F8292A5F8B00123456 /* Build configuration list for PBXProject "PianoNoteDetector" */ = {
			isa = XCConfigurationList;
			buildConfigurations = (
				1A00000A292A5F8C00123456 /* Debug */,
				1A00000B292A5F8C00123456 /* Release */,
			);
			defaultConfigurationIsVisible = 0;
			defaultConfigurationName = Release;
		};
/* End XCConfigurationList section */
	};
	rootObject = 1A0000F5292A5F8B00123456 /* Project object */;
}
